
Microsoft Visual Studio Solution File, Format Version 12.00
# Visual Studio 14
VisualStudioVersion = 14.0.22823.1
MinimumVisualStudioVersion = 10.0.40219.1
Project("{FAE04EC0-301F-11D3-BF4B-00C04F79EFBC}") = "Piercer.Middleware", "Src\Piercer.Middleware\Piercer.Middleware.csproj", "{BB04E134-2DB8-4BB1-9FED-E5CDB65C7B3A}"
EndProject
Project("{FAE04EC0-301F-11D3-BF4B-00C04F79EFBC}") = "ConsoleHost", "Samples\ConsoleHost\ConsoleHost.csproj", "{94C50248-1A4B-4EFB-9549-25A28EC55E96}"
EndProject
Project("{FAE04EC0-301F-11D3-BF4B-00C04F79EFBC}") = "WebHost", "Samples\WebHost\WebHost.csproj", "{0672EFD4-9F12-4B0F-BE1F-C78BD372666A}"
EndProject
Global
	GlobalSection(SolutionConfigurationPlatforms) = preSolution
		Debug|Any CPU = Debug|Any CPU
		Release|Any CPU = Release|Any CPU
	EndGlobalSection
	GlobalSection(ProjectConfigurationPlatforms) = postSolution
		{BB04E134-2DB8-4BB1-9FED-E5CDB65C7B3A}.Debug|Any CPU.ActiveCfg = Debug|Any CPU
		{BB04E134-2DB8-4BB1-9FED-E5CDB65C7B3A}.Debug|Any CPU.Build.0 = Debug|Any CPU
		{BB04E134-2DB8-4BB1-9FED-E5CDB65C7B3A}.Release|Any CPU.ActiveCfg = Release|Any CPU
		{BB04E134-2DB8-4BB1-9FED-E5CDB65C7B3A}.Release|Any CPU.Build.0 = Release|Any CPU
		{94C50248-1A4B-4EFB-9549-25A28EC55E96}.Debug|Any CPU.ActiveCfg = Debug|Any CPU
		{94C50248-1A4B-4EFB-9549-25A28EC55E96}.Debug|Any CPU.Build.0 = Debug|Any CPU
		{94C50248-1A4B-4EFB-9549-25A28EC55E96}.Release|Any CPU.ActiveCfg = Release|Any CPU
		{94C50248-1A4B-4EFB-9549-25A28EC55E96}.Release|Any CPU.Build.0 = Release|Any CPU
		{0672EFD4-9F12-4B0F-BE1F-C78BD372666A}.Debug|Any CPU.ActiveCfg = Debug|Any CPU
		{0672EFD4-9F12-4B0F-BE1F-C78BD372666A}.Debug|Any CPU.Build.0 = Debug|Any CPU
		{0672EFD4-9F12-4B0F-BE1F-C78BD372666A}.Release|Any CPU.ActiveCfg = Release|Any CPU
		{0672EFD4-9F12-4B0F-BE1F-C78BD372666A}.Release|Any CPU.Build.0 = Release|Any CPU
	EndGlobalSection
	GlobalSection(SolutionProperties) = preSolution
		HideSolutionNode = FALSE
	EndGlobalSection
EndGlobal
